
Microsoft Visual Studio Solution File, Format Version 12.00
# Visual Studio Version 17
VisualStudioVersion = 17.7.34009.444
MinimumVisualStudioVersion = 10.0.40219.1
Project("{FAE04EC0-301F-11D3-BF4B-00C04F79EFBC}") = "BookStore.Web", "BookStore.Web\BookStore.Web.csproj", "{DB45088A-7611-4AF8-8662-26C04A04802B}"
EndProject
Global
	GlobalSection(SolutionConfigurationPlatforms) = preSolution
		Debug|Any CPU = Debug|Any CPU
		Release|Any CPU = Release|Any CPU
	EndGlobalSection
	GlobalSection(ProjectConfigurationPlatforms) = postSolution
		{DB45088A-7611-4AF8-8662-26C04A04802B}.Debug|Any CPU.ActiveCfg = Debug|Any CPU
		{DB45088A-7611-4AF8-8662-26C04A04802B}.Debug|Any CPU.Build.0 = Debug|Any CPU
		{DB45088A-7611-4AF8-8662-26C04A04802B}.Release|Any CPU.ActiveCfg = Release|Any CPU
		{DB45088A-7611-4AF8-8662-26C04A04802B}.Release|Any CPU.Build.0 = Release|Any CPU
	EndGlobalSection
	GlobalSection(SolutionProperties) = preSolution
		HideSolutionNode = FALSE
	EndGlobalSection
	GlobalSection(ExtensibilityGlobals) = postSolution
		SolutionGuid = {CB762090-47C6-4BAD-9522-589AD89A6F95}
	EndGlobalSection
EndGlobal
